[{<<"ejson">>,
  {git,"https://github.com/jonasrichard/ejson",
       {ref,"7a55f7029686ec513f8de352a5219282307cad39"}},
  0},
 {<<"eper">>,
  {git,"git://github.com/massemanet/eper.git",
       {ref,"b318668faeff3f35e660e393b887071d74708db3"}},
  1},
 {<<"erlsom">>,
  {git,"https://github.com/willemdj/erlsom",
       {ref,"1f584ee0b043563a63a3870e29b530a0c107828a"}},
  0},
 {<<"jsx">>,
  {git,"git://github.com/talentdeficit/jsx.git",
       {ref,"46f246dc3ab45fa3229993855a0d720dd2254d4c"}},
  1},
 {<<"proper">>,
  {git,"git://github.com/manopapad/proper.git",
       {ref,"20e62bc32f9bd43fe2ff52944a4ef99eb71d1399"}},
  1}].
